
Microsoft Visual Studio Solution File, Format Version 12.00
# Visual Studio 14
VisualStudioVersion = 14.0.23107.0
MinimumVisualStudioVersion = 10.0.40219.1
Project("{FAE04EC0-301F-11D3-BF4B-00C04F79EFBC}") = "Java_Csharp_Lesson2", "Java_Csharp_Lesson2\Java_Csharp_Lesson2.csproj", "{9D6FBDA7-23FF-41A8-A4F3-9E2C27E1D86C}"
EndProject
Global
	GlobalSection(SolutionConfigurationPlatforms) = preSolution
		Debug|Any CPU = Debug|Any CPU
		Release|Any CPU = Release|Any CPU
	EndGlobalSection
	GlobalSection(ProjectConfigurationPlatforms) = postSolution
		{9D6FBDA7-23FF-41A8-A4F3-9E2C27E1D86C}.Debug|Any CPU.ActiveCfg = Debug|Any CPU
		{9D6FBDA7-23FF-41A8-A4F3-9E2C27E1D86C}.Debug|Any CPU.Build.0 = Debug|Any CPU
		{9D6FBDA7-23FF-41A8-A4F3-9E2C27E1D86C}.Release|Any CPU.ActiveCfg = Release|Any CPU
		{9D6FBDA7-23FF-41A8-A4F3-9E2C27E1D86C}.Release|Any CPU.Build.0 = Release|Any CPU
	EndGlobalSection
	GlobalSection(SolutionProperties) = preSolution
		HideSolutionNode = FALSE
	EndGlobalSection
EndGlobal
